
Microsoft Visual Studio Solution File, Format Version 12.00
# Visual Studio 15
VisualStudioVersion = 15.0.26124.0
MinimumVisualStudioVersion = 15.0.26124.0
Project("{FAE04EC0-301F-11D3-BF4B-00C04F79EFBC}") = "MyProject.Core", "MyProject.Core\MyProject.Core.csproj", "{AE7696D1-8A00-41E1-A80C-25E3153234E9}"
EndProject
Project("{FAE04EC0-301F-11D3-BF4B-00C04F79EFBC}") = "MyProject.Core.Tests", "MyProject.Core.Tests\MyProject.Core.Tests.csproj", "{613D3974-C1A6-436B-8320-ACF362226485}"
EndProject
Project("{FAE04EC0-301F-11D3-BF4B-00C04F79EFBC}") = "MyProject.Web", "MyProject.Web\MyProject.Web.csproj", "{8474CACA-457D-4794-8618-5F9ABBBFD9B5}"
EndProject
Global
	GlobalSection(SolutionConfigurationPlatforms) = preSolution
		Debug|Any CPU = Debug|Any CPU
		Debug|x64 = Debug|x64
		Debug|x86 = Debug|x86
		Release|Any CPU = Release|Any CPU
		Release|x64 = Release|x64
		Release|x86 = Release|x86
	EndGlobalSection
	GlobalSection(SolutionProperties) = preSolution
		HideSolutionNode = FALSE
	EndGlobalSection
	GlobalSection(ProjectConfigurationPlatforms) = postSolution
		{AE7696D1-8A00-41E1-A80C-25E3153234E9}.Debug|Any CPU.ActiveCfg = Debug|Any CPU
		{AE7696D1-8A00-41E1-A80C-25E3153234E9}.Debug|Any CPU.Build.0 = Debug|Any CPU
		{AE7696D1-8A00-41E1-A80C-25E3153234E9}.Debug|x64.ActiveCfg = Debug|Any CPU
		{AE7696D1-8A00-41E1-A80C-25E3153234E9}.Debug|x64.Build.0 = Debug|Any CPU
		{AE7696D1-8A00-41E1-A80C-25E3153234E9}.Debug|x86.ActiveCfg = Debug|Any CPU
		{AE7696D1-8A00-41E1-A80C-25E3153234E9}.Debug|x86.Build.0 = Debug|Any CPU
		{AE7696D1-8A00-41E1-A80C-25E3153234E9}.Release|Any CPU.ActiveCfg = Release|Any CPU
		{AE7696D1-8A00-41E1-A80C-25E3153234E9}.Release|Any CPU.Build.0 = Release|Any CPU
		{AE7696D1-8A00-41E1-A80C-25E3153234E9}.Release|x64.ActiveCfg = Release|Any CPU
		{AE7696D1-8A00-41E1-A80C-25E3153234E9}.Release|x64.Build.0 = Release|Any CPU
		{AE7696D1-8A00-41E1-A80C-25E3153234E9}.Release|x86.ActiveCfg = Release|Any CPU
		{AE7696D1-8A00-41E1-A80C-25E3153234E9}.Release|x86.Build.0 = Release|Any CPU
		{613D3974-C1A6-436B-8320-ACF362226485}.Debug|Any CPU.ActiveCfg = Debug|Any CPU
		{613D3974-C1A6-436B-8320-ACF362226485}.Debug|Any CPU.Build.0 = Debug|Any CPU
		{613D3974-C1A6-436B-8320-ACF362226485}.Debug|x64.ActiveCfg = Debug|Any CPU
		{613D3974-C1A6-436B-8320-ACF362226485}.Debug|x64.Build.0 = Debug|Any CPU
		{613D3974-C1A6-436B-8320-ACF362226485}.Debug|x86.ActiveCfg = Debug|Any CPU
		{613D3974-C1A6-436B-8320-ACF362226485}.Debug|x86.Build.0 = Debug|Any CPU
		{613D3974-C1A6-436B-8320-ACF362226485}.Release|Any CPU.ActiveCfg = Release|Any CPU
		{613D3974-C1A6-436B-8320-ACF362226485}.Release|Any CPU.Build.0 = Release|Any CPU
		{613D3974-C1A6-436B-8320-ACF362226485}.Release|x64.ActiveCfg = Release|Any CPU
		{613D3974-C1A6-436B-8320-ACF362226485}.Release|x64.Build.0 = Release|Any CPU
		{613D3974-C1A6-436B-8320-ACF362226485}.Release|x86.ActiveCfg = Release|Any CPU
		{613D3974-C1A6-436B-8320-ACF362226485}.Release|x86.Build.0 = Release|Any CPU
		{8474CACA-457D-4794-8618-5F9ABBBFD9B5}.Debug|Any CPU.ActiveCfg = Debug|Any CPU
		{8474CACA-457D-4794-8618-5F9ABBBFD9B5}.Debug|Any CPU.Build.0 = Debug|Any CPU
		{8474CACA-457D-4794-8618-5F9ABBBFD9B5}.Debug|x64.ActiveCfg = Debug|Any CPU
		{8474CACA-457D-4794-8618-5F9ABBBFD9B5}.Debug|x64.Build.0 = Debug|Any CPU
		{8474CACA-457D-4794-8618-5F9ABBBFD9B5}.Debug|x86.ActiveCfg = Debug|Any CPU
		{8474CACA-457D-4794-8618-5F9ABBBFD9B5}.Debug|x86.Build.0 = Debug|Any CPU
		{8474CACA-457D-4794-8618-5F9ABBBFD9B5}.Release|Any CPU.ActiveCfg = Release|Any CPU
		{8474CACA-457D-4794-8618-5F9ABBBFD9B5}.Release|Any CPU.Build.0 = Release|Any CPU
		{8474CACA-457D-4794-8618-5F9ABBBFD9B5}.Release|x64.ActiveCfg = Release|Any CPU
		{8474CACA-457D-4794-8618-5F9ABBBFD9B5}.Release|x64.Build.0 = Release|Any CPU
		{8474CACA-457D-4794-8618-5F9ABBBFD9B5}.Release|x86.ActiveCfg = Release|Any CPU
		{8474CACA-457D-4794-8618-5F9ABBBFD9B5}.Release|x86.Build.0 = Release|Any CPU
	EndGlobalSection
EndGlobal
